{
  "object": {
    "pins": [
      {
        "package": "Alamofire",
        "repositoryURL": "https://github.com/Alamofire/Alamofire.git",
        "state": {
          "branch": "master",
          "revision": "dcb6567ae2734c33e4620be26184ab9f3515edc5",
          "version": null
        }
      }
    ]
  },
  "version": 1
}
