// !$*UTF8*$!
{
	archiveVersion = 1;
	classes = {
	};
	objectVersion = 55;
	objects = {

/* Begin PBXBuildFile section */
		63256E102803FD9D00135936 /* MainTabBarVC.swift in Sources */ = {isa = PBXBuildFile; fileRef = 63256E0F2803FD9D00135936 /* MainTabBarVC.swift */; };
		63256E122803FE2900135936 /* CompaniesVC.swift in Sources */ = {isa = PBXBuildFile; fileRef = 63256E112803FE2900135936 /* CompaniesVC.swift */; };
		63256E142803FE7B00135936 /* DownloadedListVC.swift in Sources */ = {isa = PBXBuildFile; fileRef = 63256E132803FE7B00135936 /* DownloadedListVC.swift */; };
		63256E162804283D00135936 /* Extension+UIColor.swift in Sources */ = {isa = PBXBuildFile; fileRef = 63256E152804283D00135936 /* Extension+UIColor.swift */; };
		6369453028027B80007137C9 /* AppDelegate.swift in Sources */ = {isa = PBXBuildFile; fileRef = 6369452F28027B80007137C9 /* AppDelegate.swift */; };
		6369453228027B80007137C9 /* SceneDelegate.swift in Sources */ = {isa = PBXBuildFile; fileRef = 6369453128027B80007137C9 /* SceneDelegate.swift */; };
		6369453A28027B80007137C9 /* GithubJobs_APP.xcdatamodeld in Sources */ = {isa = PBXBuildFile; fileRef = 6369453828027B80007137C9 /* GithubJobs_APP.xcdatamodeld */; };
		6369453C28027B80007137C9 /* Assets.xcassets in Resources */ = {isa = PBXBuildFile; fileRef = 6369453B28027B80007137C9 /* Assets.xcassets */; };
		6369454D28027FA6007137C9 /* MainCollectionVC.swift in Sources */ = {isa = PBXBuildFile; fileRef = 6369454C28027FA6007137C9 /* MainCollectionVC.swift */; };
		6369454F28028106007137C9 /* HomeCollectionCell.swift in Sources */ = {isa = PBXBuildFile; fileRef = 6369454E28028106007137C9 /* HomeCollectionCell.swift */; };
		637D1A622802BFD5002AD92C /* DetailsVC.swift in Sources */ = {isa = PBXBuildFile; fileRef = 637D1A612802BFD5002AD92C /* DetailsVC.swift */; };
		637D1A652802C9F8002AD92C /* Extension+UIView.swift in Sources */ = {isa = PBXBuildFile; fileRef = 637D1A642802C9F8002AD92C /* Extension+UIView.swift */; };
		637E57C628065287005546E8 /* GithubEntity.xcdatamodeld in Sources */ = {isa = PBXBuildFile; fileRef = 637E57C428065287005546E8 /* GithubEntity.xcdatamodeld */; };
		637E57CC28065503005546E8 /* DataPersistentManager.swift in Sources */ = {isa = PBXBuildFile; fileRef = 637E57CB28065503005546E8 /* DataPersistentManager.swift */; };
		637E57CF28065634005546E8 /* Result.swift in Sources */ = {isa = PBXBuildFile; fileRef = 637E57CE28065634005546E8 /* Result.swift */; };
		637E57D128066948005546E8 /* JobSearchModel.swift in Sources */ = {isa = PBXBuildFile; fileRef = 637E57D028066948005546E8 /* JobSearchModel.swift */; };
		637E57D328067EFA005546E8 /* BookModel.swift in Sources */ = {isa = PBXBuildFile; fileRef = 637E57D228067EFA005546E8 /* BookModel.swift */; };
		637E57D52806907A005546E8 /* DownloadViewModel.swift in Sources */ = {isa = PBXBuildFile; fileRef = 637E57D42806907A005546E8 /* DownloadViewModel.swift */; };
		637E57D72806C2E8005546E8 /* JobWebService.swift in Sources */ = {isa = PBXBuildFile; fileRef = 637E57D62806C2E8005546E8 /* JobWebService.swift */; };
		637E57DA2806C517005546E8 /* Alamofire in Frameworks */ = {isa = PBXBuildFile; productRef = 637E57D92806C517005546E8 /* Alamofire */; };
		637E57DC2806CABA005546E8 /* Decoders.swift in Sources */ = {isa = PBXBuildFile; fileRef = 637E57DB2806CABA005546E8 /* Decoders.swift */; };
		637E57DE2806CC57005546E8 /* JobsViewModel.swift in Sources */ = {isa = PBXBuildFile; fileRef = 637E57DD2806CC57005546E8 /* JobsViewModel.swift */; };
/* End PBXBuildFile section */

/* Begin PBXFileReference section */
		63256E0F2803FD9D00135936 /* MainTabBarVC.swift */ = {isa = PBXFileReference; lastKnownFileType = sourcecode.swift; path = MainTabBarVC.swift; sourceTree = "<group>"; };
		63256E112803FE2900135936 /* CompaniesVC.swift */ = {isa = PBXFileReference; lastKnownFileType = sourcecode.swift; path = CompaniesVC.swift; sourceTree = "<group>"; };
		63256E132803FE7B00135936 /* DownloadedListVC.swift */ = {isa = PBXFileReference; lastKnownFileType = sourcecode.swift; path = DownloadedListVC.swift; sourceTree = "<group>"; };
		63256E152804283D00135936 /* Extension+UIColor.swift */ = {isa = PBXFileReference; lastKnownFileType = sourcecode.swift; path = "Extension+UIColor.swift"; sourceTree = "<group>"; };
		6369452C28027B80007137C9 /* GithubJobs-APP.app */ = {isa = PBXFileReference; explicitFileType = wrapper.application; includeInIndex = 0; path = "GithubJobs-APP.app"; sourceTree = BUILT_PRODUCTS_DIR; };
		6369452F28027B80007137C9 /* AppDelegate.swift */ = {isa = PBXFileReference; lastKnownFileType = sourcecode.swift; path = AppDelegate.swift; sourceTree = "<group>"; };
		6369453128027B80007137C9 /* SceneDelegate.swift */ = {isa = PBXFileReference; lastKnownFileType = sourcecode.swift; path = SceneDelegate.swift; sourceTree = "<group>"; };
		6369453928027B80007137C9 /* GithubJobs_APP.xcdatamodel */ = {isa = PBXFileReference; lastKnownFileType = wrapper.xcdatamodel; path = GithubJobs_APP.xcdatamodel; sourceTree = "<group>"; };
		6369453B28027B80007137C9 /* Assets.xcassets */ = {isa = PBXFileReference; lastKnownFileType = folder.assetcatalog; path = Assets.xcassets; sourceTree = "<group>"; };
		6369454028027B80007137C9 /* Info.plist */ = {isa = PBXFileReference; lastKnownFileType = text.plist.xml; path = Info.plist; sourceTree = "<group>"; };
		6369454C28027FA6007137C9 /* MainCollectionVC.swift */ = {isa = PBXFileReference; lastKnownFileType = sourcecode.swift; path = MainCollectionVC.swift; sourceTree = "<group>"; };
		6369454E28028106007137C9 /* HomeCollectionCell.swift */ = {isa = PBXFileReference; lastKnownFileType = sourcecode.swift; path = HomeCollectionCell.swift; sourceTree = "<group>"; };
		637D1A612802BFD5002AD92C /* DetailsVC.swift */ = {isa = PBXFileReference; lastKnownFileType = sourcecode.swift; path = DetailsVC.swift; sourceTree = "<group>"; };
		637D1A642802C9F8002AD92C /* Extension+UIView.swift */ = {isa = PBXFileReference; lastKnownFileType = sourcecode.swift; path = "Extension+UIView.swift"; sourceTree = "<group>"; };
		637E57C528065287005546E8 /* GithubEntity.xcdatamodel */ = {isa = PBXFileReference; lastKnownFileType = wrapper.xcdatamodel; path = GithubEntity.xcdatamodel; sourceTree = "<group>"; };
		637E57CB28065503005546E8 /* DataPersistentManager.swift */ = {isa = PBXFileReference; lastKnownFileType = sourcecode.swift; path = DataPersistentManager.swift; sourceTree = "<group>"; };
		637E57CE28065634005546E8 /* Result.swift */ = {isa = PBXFileReference; lastKnownFileType = sourcecode.swift; path = Result.swift; sourceTree = "<group>"; };
		637E57D028066948005546E8 /* JobSearchModel.swift */ = {isa = PBXFileReference; lastKnownFileType = sourcecode.swift; path = JobSearchModel.swift; sourceTree = "<group>"; };
		637E57D228067EFA005546E8 /* BookModel.swift */ = {isa = PBXFileReference; lastKnownFileType = sourcecode.swift; path = BookModel.swift; sourceTree = "<group>"; };
		637E57D42806907A005546E8 /* DownloadViewModel.swift */ = {isa = PBXFileReference; lastKnownFileType = sourcecode.swift; path = DownloadViewModel.swift; sourceTree = "<group>"; };
		637E57D62806C2E8005546E8 /* JobWebService.swift */ = {isa = PBXFileReference; lastKnownFileType = sourcecode.swift; path = JobWebService.swift; sourceTree = "<group>"; };
		637E57DB2806CABA005546E8 /* Decoders.swift */ = {isa = PBXFileReference; lastKnownFileType = sourcecode.swift; path = Decoders.swift; sourceTree = "<group>"; };
		637E57DD2806CC57005546E8 /* JobsViewModel.swift */ = {isa = PBXFileReference; lastKnownFileType = sourcecode.swift; path = JobsViewModel.swift; sourceTree = "<group>"; };
/* End PBXFileReference section */

/* Begin PBXFrameworksBuildPhase section */
		6369452928027B80007137C9 /* Frameworks */ = {
			isa = PBXFrameworksBuildPhase;
			buildActionMask = 2147483647;
			files = (
				637E57DA2806C517005546E8 /* Alamofire in Frameworks */,
			);
			runOnlyForDeploymentPostprocessing = 0;
		};
/* End PBXFrameworksBuildPhase section */

/* Begin PBXGroup section */
		6369452328027B80007137C9 = {
			isa = PBXGroup;
			children = (
				6369452E28027B80007137C9 /* GithubJobs-APP */,
				6369452D28027B80007137C9 /* Products */,
			);
			sourceTree = "<group>";
		};
		6369452D28027B80007137C9 /* Products */ = {
			isa = PBXGroup;
			children = (
				6369452C28027B80007137C9 /* GithubJobs-APP.app */,
			);
			name = Products;
			sourceTree = "<group>";
		};
		6369452E28027B80007137C9 /* GithubJobs-APP */ = {
			isa = PBXGroup;
			children = (
				637D1A632802C9EB002AD92C /* Extensions */,
				6369454728027C51007137C9 /* Cells */,
				6369454B28027C6A007137C9 /* Core */,
				6369454A28027C65007137C9 /* Views */,
				6369454928027C5A007137C9 /* ViewModels */,
				6369454828027C55007137C9 /* Model */,
				6369454628027C2F007137C9 /* Network */,
				637E57C428065287005546E8 /* GithubEntity.xcdatamodeld */,
				637E57CB28065503005546E8 /* DataPersistentManager.swift */,
			);
			path = "GithubJobs-APP";
			sourceTree = "<group>";
		};
		6369454628027C2F007137C9 /* Network */ = {
			isa = PBXGroup;
			children = (
				637E57CD28065622005546E8 /* Helpers */,
				637E57D62806C2E8005546E8 /* JobWebService.swift */,
			);
			path = Network;
			sourceTree = "<group>";
		};
		6369454728027C51007137C9 /* Cells */ = {
			isa = PBXGroup;
			children = (
				6369454E28028106007137C9 /* HomeCollectionCell.swift */,
			);
			path = Cells;
			sourceTree = "<group>";
		};
		6369454828027C55007137C9 /* Model */ = {
			isa = PBXGroup;
			children = (
				637E57D028066948005546E8 /* JobSearchModel.swift */,
				637E57D228067EFA005546E8 /* BookModel.swift */,
			);
			path = Model;
			sourceTree = "<group>";
		};
		6369454928027C5A007137C9 /* ViewModels */ = {
			isa = PBXGroup;
			children = (
				637E57D42806907A005546E8 /* DownloadViewModel.swift */,
				637E57DD2806CC57005546E8 /* JobsViewModel.swift */,
			);
			path = ViewModels;
			sourceTree = "<group>";
		};
		6369454A28027C65007137C9 /* Views */ = {
			isa = PBXGroup;
			children = (
				6369454C28027FA6007137C9 /* MainCollectionVC.swift */,
				637D1A612802BFD5002AD92C /* DetailsVC.swift */,
				63256E0F2803FD9D00135936 /* MainTabBarVC.swift */,
				63256E112803FE2900135936 /* CompaniesVC.swift */,
				63256E132803FE7B00135936 /* DownloadedListVC.swift */,
			);
			path = Views;
			sourceTree = "<group>";
		};
		6369454B28027C6A007137C9 /* Core */ = {
			isa = PBXGroup;
			children = (
				6369452F28027B80007137C9 /* AppDelegate.swift */,
				6369453128027B80007137C9 /* SceneDelegate.swift */,
				6369453B28027B80007137C9 /* Assets.xcassets */,
				6369454028027B80007137C9 /* Info.plist */,
				6369453828027B80007137C9 /* GithubJobs_APP.xcdatamodeld */,
			);
			path = Core;
			sourceTree = "<group>";
		};
		637D1A632802C9EB002AD92C /* Extensions */ = {
			isa = PBXGroup;
			children = (
				637D1A642802C9F8002AD92C /* Extension+UIView.swift */,
				63256E152804283D00135936 /* Extension+UIColor.swift */,
			);
			path = Extensions;
			sourceTree = "<group>";
		};
		637E57CD28065622005546E8 /* Helpers */ = {
			isa = PBXGroup;
			children = (
				637E57CE28065634005546E8 /* Result.swift */,
				637E57DB2806CABA005546E8 /* Decoders.swift */,
			);
			path = Helpers;
			sourceTree = "<group>";
		};
/* End PBXGroup section */

/* Begin PBXNativeTarget section */
		6369452B28027B80007137C9 /* GithubJobs-APP */ = {
			isa = PBXNativeTarget;
			buildConfigurationList = 6369454328027B80007137C9 /* Build configuration list for PBXNativeTarget "GithubJobs-APP" */;
			buildPhases = (
				6369452828027B80007137C9 /* Sources */,
				6369452928027B80007137C9 /* Frameworks */,
				6369452A28027B80007137C9 /* Resources */,
			);
			buildRules = (
			);
			dependencies = (
			);
			name = "GithubJobs-APP";
			packageProductDependencies = (
				637E57D92806C517005546E8 /* Alamofire */,
			);
			productName = "GithubJobs-APP";
			productReference = 6369452C28027B80007137C9 /* GithubJobs-APP.app */;
			productType = "com.apple.product-type.application";
		};
/* End PBXNativeTarget section */

/* Begin PBXProject section */
		6369452428027B80007137C9 /* Project object */ = {
			isa = PBXProject;
			attributes = {
				BuildIndependentTargetsInParallel = 1;
				LastSwiftUpdateCheck = 1320;
				LastUpgradeCheck = 1320;
				TargetAttributes = {
					6369452B28027B80007137C9 = {
						CreatedOnToolsVersion = 13.2.1;
					};
				};
			};
			buildConfigurationList = 6369452728027B80007137C9 /* Build configuration list for PBXProject "GithubJobs-APP" */;
			compatibilityVersion = "Xcode 13.0";
			developmentRegion = en;
			hasScannedForEncodings = 0;
			knownRegions = (
				en,
				Base,
			);
			mainGroup = 6369452328027B80007137C9;
			packageReferences = (
				637E57D82806C517005546E8 /* XCRemoteSwiftPackageReference "Alamofire" */,
			);
			productRefGroup = 6369452D28027B80007137C9 /* Products */;
			projectDirPath = "";
			projectRoot = "";
			targets = (
				6369452B28027B80007137C9 /* GithubJobs-APP */,
			);
		};
/* End PBXProject section */

/* Begin PBXResourcesBuildPhase section */
		6369452A28027B80007137C9 /* Resources */ = {
			isa = PBXResourcesBuildPhase;
			buildActionMask = 2147483647;
			files = (
				6369453C28027B80007137C9 /* Assets.xcassets in Resources */,
			);
			runOnlyForDeploymentPostprocessing = 0;
		};
/* End PBXResourcesBuildPhase section */

/* Begin PBXSourcesBuildPhase section */
		6369452828027B80007137C9 /* Sources */ = {
			isa = PBXSourcesBuildPhase;
			buildActionMask = 2147483647;
			files = (
				637E57DE2806CC57005546E8 /* JobsViewModel.swift in Sources */,
				637D1A652802C9F8002AD92C /* Extension+UIView.swift in Sources */,
				637E57D128066948005546E8 /* JobSearchModel.swift in Sources */,
				637E57D328067EFA005546E8 /* BookModel.swift in Sources */,
				637E57C628065287005546E8 /* GithubEntity.xcdatamodeld in Sources */,
				637E57CC28065503005546E8 /* DataPersistentManager.swift in Sources */,
				6369454F28028106007137C9 /* HomeCollectionCell.swift in Sources */,
				637E57D72806C2E8005546E8 /* JobWebService.swift in Sources */,
				637D1A622802BFD5002AD92C /* DetailsVC.swift in Sources */,
				63256E142803FE7B00135936 /* DownloadedListVC.swift in Sources */,
				637E57CF28065634005546E8 /* Result.swift in Sources */,
				637E57D52806907A005546E8 /* DownloadViewModel.swift in Sources */,
				6369453A28027B80007137C9 /* GithubJobs_APP.xcdatamodeld in Sources */,
				6369453028027B80007137C9 /* AppDelegate.swift in Sources */,
				6369453228027B80007137C9 /* SceneDelegate.swift in Sources */,
				6369454D28027FA6007137C9 /* MainCollectionVC.swift in Sources */,
				63256E102803FD9D00135936 /* MainTabBarVC.swift in Sources */,
				637E57DC2806CABA005546E8 /* Decoders.swift in Sources */,
				63256E122803FE2900135936 /* CompaniesVC.swift in Sources */,
				63256E162804283D00135936 /* Extension+UIColor.swift in Sources */,
			);
			runOnlyForDeploymentPostprocessing = 0;
		};
/* End PBXSourcesBuildPhase section */

/* Begin XCBuildConfiguration section */
		6369454128027B80007137C9 /* Debug */ = {
			isa = XCBuildConfiguration;
			buildSettings = {
				ALWAYS_SEARCH_USER_PATHS = NO;
				CLANG_ANALYZER_NONNULL = YES;
				CLANG_ANALYZER_NUMBER_OBJECT_CONVERSION = YES_AGGRESSIVE;
				CLANG_CXX_LANGUAGE_STANDARD = "gnu++17";
				CLANG_CXX_LIBRARY = "libc++";
				CLANG_ENABLE_MODULES = YES;
				CLANG_ENABLE_OBJC_ARC = YES;
				CLANG_ENABLE_OBJC_WEAK = YES;
				CLANG_WARN_BLOCK_CAPTURE_AUTORELEASING = YES;
				CLANG_WARN_BOOL_CONVERSION = YES;
				CLANG_WARN_COMMA = YES;
				CLANG_WARN_CONSTANT_CONVERSION = YES;
				CLANG_WARN_DEPRECATED_OBJC_IMPLEMENTATIONS = YES;
				CLANG_WARN_DIRECT_OBJC_ISA_USAGE = YES_ERROR;
				CLANG_WARN_DOCUMENTATION_COMMENTS = YES;
				CLANG_WARN_EMPTY_BODY = YES;
				CLANG_WARN_ENUM_CONVERSION = YES;
				CLANG_WARN_INFINITE_RECURSION = YES;
				CLANG_WARN_INT_CONVERSION = YES;
				CLANG_WARN_NON_LITERAL_NULL_CONVERSION = YES;
				CLANG_WARN_OBJC_IMPLICIT_RETAIN_SELF = YES;
				CLANG_WARN_OBJC_LITERAL_CONVERSION = YES;
				CLANG_WARN_OBJC_ROOT_CLASS = YES_ERROR;
				CLANG_WARN_QUOTED_INCLUDE_IN_FRAMEWORK_HEADER = YES;
				CLANG_WARN_RANGE_LOOP_ANALYSIS = YES;
				CLANG_WARN_STRICT_PROTOTYPES = YES;
				CLANG_WARN_SUSPICIOUS_MOVE = YES;
				CLANG_WARN_UNGUARDED_AVAILABILITY = YES_AGGRESSIVE;
				CLANG_WARN_UNREACHABLE_CODE = YES;
				CLANG_WARN__DUPLICATE_METHOD_MATCH = YES;
				COPY_PHASE_STRIP = NO;
				DEBUG_INFORMATION_FORMAT = dwarf;
				ENABLE_STRICT_OBJC_MSGSEND = YES;
				ENABLE_TESTABILITY = YES;
				GCC_C_LANGUAGE_STANDARD = gnu11;
				GCC_DYNAMIC_NO_PIC = NO;
				GCC_NO_COMMON_BLOCKS = YES;
				GCC_OPTIMIZATION_LEVEL = 0;
				GCC_PREPROCESSOR_DEFINITIONS = (
					"DEBUG=1",
					"$(inherited)",
				);
				GCC_WARN_64_TO_32_BIT_CONVERSION = YES;
				GCC_WARN_ABOUT_RETURN_TYPE = YES_ERROR;
				GCC_WARN_UNDECLARED_SELECTOR = YES;
				GCC_WARN_UNINITIALIZED_AUTOS = YES_AGGRESSIVE;
				GCC_WARN_UNUSED_FUNCTION = YES;
				GCC_WARN_UNUSED_VARIABLE = YES;
				IPHONEOS_DEPLOYMENT_TARGET = 15.2;
				MTL_ENABLE_DEBUG_INFO = INCLUDE_SOURCE;
				MTL_FAST_MATH = YES;
				ONLY_ACTIVE_ARCH = YES;
				SDKROOT = iphoneos;
				SWIFT_ACTIVE_COMPILATION_CONDITIONS = DEBUG;
				SWIFT_OPTIMIZATION_LEVEL = "-Onone";
			};
			name = Debug;
		};
		6369454228027B80007137C9 /* Release */ = {
			isa = XCBuildConfiguration;
			buildSettings = {
				ALWAYS_SEARCH_USER_PATHS = NO;
				CLANG_ANALYZER_NONNULL = YES;
				CLANG_ANALYZER_NUMBER_OBJECT_CONVERSION = YES_AGGRESSIVE;
				CLANG_CXX_LANGUAGE_STANDARD = "gnu++17";
				CLANG_CXX_LIBRARY = "libc++";
				CLANG_ENABLE_MODULES = YES;
				CLANG_ENABLE_OBJC_ARC = YES;
				CLANG_ENABLE_OBJC_WEAK = YES;
				CLANG_WARN_BLOCK_CAPTURE_AUTORELEASING = YES;
				CLANG_WARN_BOOL_CONVERSION = YES;
				CLANG_WARN_COMMA = YES;
				CLANG_WARN_CONSTANT_CONVERSION = YES;
				CLANG_WARN_DEPRECATED_OBJC_IMPLEMENTATIONS = YES;
				CLANG_WARN_DIRECT_OBJC_ISA_USAGE = YES_ERROR;
				CLANG_WARN_DOCUMENTATION_COMMENTS = YES;
				CLANG_WARN_EMPTY_BODY = YES;
				CLANG_WARN_ENUM_CONVERSION = YES;
				CLANG_WARN_INFINITE_RECURSION = YES;
				CLANG_WARN_INT_CONVERSION = YES;
				CLANG_WARN_NON_LITERAL_NULL_CONVERSION = YES;
				CLANG_WARN_OBJC_IMPLICIT_RETAIN_SELF = YES;
				CLANG_WARN_OBJC_LITERAL_CONVERSION = YES;
				CLANG_WARN_OBJC_ROOT_CLASS = YES_ERROR;
				CLANG_WARN_QUOTED_INCLUDE_IN_FRAMEWORK_HEADER = YES;
				CLANG_WARN_RANGE_LOOP_ANALYSIS = YES;
				CLANG_WARN_STRICT_PROTOTYPES = YES;
				CLANG_WARN_SUSPICIOUS_MOVE = YES;
				CLANG_WARN_UNGUARDED_AVAILABILITY = YES_AGGRESSIVE;
				CLANG_WARN_UNREACHABLE_CODE = YES;
				CLANG_WARN__DUPLICATE_METHOD_MATCH = YES;
				COPY_PHASE_STRIP = NO;
				DEBUG_INFORMATION_FORMAT = "dwarf-with-dsym";
				ENABLE_NS_ASSERTIONS = NO;
				ENABLE_STRICT_OBJC_MSGSEND = YES;
				GCC_C_LANGUAGE_STANDARD = gnu11;
				GCC_NO_COMMON_BLOCKS = YES;
				GCC_WARN_64_TO_32_BIT_CONVERSION = YES;
				GCC_WARN_ABOUT_RETURN_TYPE = YES_ERROR;
				GCC_WARN_UNDECLARED_SELECTOR = YES;
				GCC_WARN_UNINITIALIZED_AUTOS = YES_AGGRESSIVE;
				GCC_WARN_UNUSED_FUNCTION = YES;
				GCC_WARN_UNUSED_VARIABLE = YES;
				IPHONEOS_DEPLOYMENT_TARGET = 15.2;
				MTL_ENABLE_DEBUG_INFO = NO;
				MTL_FAST_MATH = YES;
				SDKROOT = iphoneos;
				SWIFT_COMPILATION_MODE = wholemodule;
				SWIFT_OPTIMIZATION_LEVEL = "-O";
				VALIDATE_PRODUCT = YES;
			};
			name = Release;
		};
		6369454428027B80007137C9 /* Debug */ = {
			isa = XCBuildConfiguration;
			buildSettings = {
				ASSETCATALOG_COMPILER_APPICON_NAME = AppIcon;
				ASSETCATALOG_COMPILER_GLOBAL_ACCENT_COLOR_NAME = AccentColor;
				CODE_SIGN_STYLE = Automatic;
				CURRENT_PROJECT_VERSION = 1;
				DEVELOPMENT_TEAM = YW89A2JD7V;
				GENERATE_INFOPLIST_FILE = YES;
				INFOPLIST_FILE = "GithubJobs-APP/Core/Info.plist";
				INFOPLIST_KEY_UIApplicationSupportsIndirectInputEvents = YES;
				INFOPLIST_KEY_UILaunchStoryboardName = LaunchScreen;
				INFOPLIST_KEY_UISupportedInterfaceOrientations_iPad = "UIInterfaceOrientationPortrait UIInterfaceOrientationPortraitUpsideDown UIInterfaceOrientationLandscapeLeft UIInterfaceOrientationLandscapeRight";
				INFOPLIST_KEY_UISupportedInterfaceOrientations_iPhone = "UIInterfaceOrientationPortrait UIInterfaceOrientationLandscapeLeft UIInterfaceOrientationLandscapeRight";
				LD_RUNPATH_SEARCH_PATHS = (
					"$(inherited)",
					"@executable_path/Frameworks",
				);
				MARKETING_VERSION = 1.0;
				PRODUCT_BUNDLE_IDENTIFIER = "com.ugurhmz.GithubJobs-APP";
				PRODUCT_NAME = "$(TARGET_NAME)";
				SWIFT_EMIT_LOC_STRINGS = YES;
				SWIFT_VERSION = 5.0;
				TARGETED_DEVICE_FAMILY = "1,2";
			};
			name = Debug;
		};
		6369454528027B80007137C9 /* Release */ = {
			isa = XCBuildConfiguration;
			buildSettings = {
				ASSETCATALOG_COMPILER_APPICON_NAME = AppIcon;
				ASSETCATALOG_COMPILER_GLOBAL_ACCENT_COLOR_NAME = AccentColor;
				CODE_SIGN_STYLE = Automatic;
				CURRENT_PROJECT_VERSION = 1;
				DEVELOPMENT_TEAM = YW89A2JD7V;
				GENERATE_INFOPLIST_FILE = YES;
				INFOPLIST_FILE = "GithubJobs-APP/Core/Info.plist";
				INFOPLIST_KEY_UIApplicationSupportsIndirectInputEvents = YES;
				INFOPLIST_KEY_UILaunchStoryboardName = LaunchScreen;
				INFOPLIST_KEY_UISupportedInterfaceOrientations_iPad = "UIInterfaceOrientationPortrait UIInterfaceOrientationPortraitUpsideDown UIInterfaceOrientationLandscapeLeft UIInterfaceOrientationLandscapeRight";
				INFOPLIST_KEY_UISupportedInterfaceOrientations_iPhone = "UIInterfaceOrientationPortrait UIInterfaceOrientationLandscapeLeft UIInterfaceOrientationLandscapeRight";
				LD_RUNPATH_SEARCH_PATHS = (
					"$(inherited)",
					"@executable_path/Frameworks",
				);
				MARKETING_VERSION = 1.0;
				PRODUCT_BUNDLE_IDENTIFIER = "com.ugurhmz.GithubJobs-APP";
				PRODUCT_NAME = "$(TARGET_NAME)";
				SWIFT_EMIT_LOC_STRINGS = YES;
				SWIFT_VERSION = 5.0;
				TARGETED_DEVICE_FAMILY = "1,2";
			};
			name = Release;
		};
/* End XCBuildConfiguration section */

/* Begin XCConfigurationList section */
		6369452728027B80007137C9 /* Build configuration list for PBXProject "GithubJobs-APP" */ = {
			isa = XCConfigurationList;
			buildConfigurations = (
				6369454128027B80007137C9 /* Debug */,
				6369454228027B80007137C9 /* Release */,
			);
			defaultConfigurationIsVisible = 0;
			defaultConfigurationName = Release;
		};
		6369454328027B80007137C9 /* Build configuration list for PBXNativeTarget "GithubJobs-APP" */ = {
			isa = XCConfigurationList;
			buildConfigurations = (
				6369454428027B80007137C9 /* Debug */,
				6369454528027B80007137C9 /* Release */,
			);
			defaultConfigurationIsVisible = 0;
			defaultConfigurationName = Release;
		};
/* End XCConfigurationList section */

/* Begin XCRemoteSwiftPackageReference section */
		637E57D82806C517005546E8 /* XCRemoteSwiftPackageReference "Alamofire" */ = {
			isa = XCRemoteSwiftPackageReference;
			repositoryURL = "https://github.com/Alamofire/Alamofire.git";
			requirement = {
				branch = master;
				kind = branch;
			};
		};
/* End XCRemoteSwiftPackageReference section */

/* Begin XCSwiftPackageProductDependency section */
		637E57D92806C517005546E8 /* Alamofire */ = {
			isa = XCSwiftPackageProductDependency;
			package = 637E57D82806C517005546E8 /* XCRemoteSwiftPackageReference "Alamofire" */;
			productName = Alamofire;
		};
/* End XCSwiftPackageProductDependency section */

/* Begin XCVersionGroup section */
		6369453828027B80007137C9 /* GithubJobs_APP.xcdatamodeld */ = {
			isa = XCVersionGroup;
			children = (
				6369453928027B80007137C9 /* GithubJobs_APP.xcdatamodel */,
			);
			currentVersion = 6369453928027B80007137C9 /* GithubJobs_APP.xcdatamodel */;
			path = GithubJobs_APP.xcdatamodeld;
			sourceTree = "<group>";
			versionGroupType = wrapper.xcdatamodel;
		};
		637E57C428065287005546E8 /* GithubEntity.xcdatamodeld */ = {
			isa = XCVersionGroup;
			children = (
				637E57C528065287005546E8 /* GithubEntity.xcdatamodel */,
			);
			currentVersion = 637E57C528065287005546E8 /* GithubEntity.xcdatamodel */;
			path = GithubEntity.xcdatamodeld;
			sourceTree = "<group>";
			versionGroupType = wrapper.xcdatamodel;
		};
/* End XCVersionGroup section */
	};
	rootObject = 6369452428027B80007137C9 /* Project object */;
}
